Microsoft Visual Studio Solution File, Format Version 12.00
# Visual Studio Version 17
VisualStudioVersion = 17.14.36301.6
MinimumVisualStudioVersion = 10.0.40219.1
Project("{FAE04EC0-301F-11D3-BF4B-00C04F79EFBC}") = "Runic.C.Preprocessor", "src\Runic.C.Preprocessor.csproj", "{3395B5A2-FB38-4919-B524-5EA773E50783}"
EndProject
Project("{2150E333-8FDC-42A3-9474-1A3956D46DE8}") = "Build", "Build", "{02EA681E-C7D8-13C7-8484-4AC65E1B71E8}"
EndProject
Project("{2150E333-8FDC-42A3-9474-1A3956D46DE8}") = "Net48", "Net48", "{E375E13B-9291-47F0-884A-3D84DA073A60}"
EndProject
Project("{2150E333-8FDC-42A3-9474-1A3956D46DE8}") = "Net6", "Net6", "{B4788F6A-EFCD-4FD8-AE4F-B61A42CFDD6F}"
EndProject
Project("{2150E333-8FDC-42A3-9474-1A3956D46DE8}") = "Net8", "Net8", "{05F834C3-F641-41E8-8D95-9A24548C38A2}"
EndProject
Project("{FAE04EC0-301F-11D3-BF4B-00C04F79EFBC}") = "Runic.C.Preprocessor.Net48", "build\net48\Runic.C.Preprocessor.Net48.csproj", "{1FA79FF4-BC37-4165-9851-DA34DBE980D0}"
EndProject
Project("{FAE04EC0-301F-11D3-BF4B-00C04F79EFBC}") = "Runic.C.Preprocessor.Net8", "build\net8\Runic.C.Preprocessor.Net8.csproj", "{BD97C850-2693-433A-A773-6B326069E968}"
EndProject
Project("{FAE04EC0-301F-11D3-BF4B-00C04F79EFBC}") = "Runic.C.Preprocessor.Net6", "build\net6\Runic.C.Preprocessor.Net6.csproj", "{068F25FC-DA8D-4BCF-8BCE-968F1F5AA322}"
EndProject
Project("{2150E333-8FDC-42A3-9474-1A3956D46DE8}") = "Nuget", "Nuget", "{0AA18D71-2C6A-446A-96F8-D9335DBF32BA}"
EndProject
Project("{FAE04EC0-301F-11D3-BF4B-00C04F79EFBC}") = "Runic.C.Preprocessor.Nuget", "build\nuget\Runic.C.Preprocessor.Nuget.csproj", "{B058AAA6-2292-48BB-BDA9-1935C2480BB1}"
	ProjectSection(ProjectDependencies) = postProject
		{1FA79FF4-BC37-4165-9851-DA34DBE980D0} = {1FA79FF4-BC37-4165-9851-DA34DBE980D0}
		{068F25FC-DA8D-4BCF-8BCE-968F1F5AA322} = {068F25FC-DA8D-4BCF-8BCE-968F1F5AA322}
		{BD97C850-2693-433A-A773-6B326069E968} = {BD97C850-2693-433A-A773-6B326069E968}
	EndProjectSection
EndProject
Global
	GlobalSection(SolutionConfigurationPlatforms) = preSolution
		Debug|Any CPU = Debug|Any CPU
		Release|Any CPU = Release|Any CPU
	EndGlobalSection
	GlobalSection(ProjectConfigurationPlatforms) = postSolution
		{3395B5A2-FB38-4919-B524-5EA773E50783}.Debug|Any CPU.ActiveCfg = Debug|Any CPU
		{3395B5A2-FB38-4919-B524-5EA773E50783}.Debug|Any CPU.Build.0 = Debug|Any CPU
		{3395B5A2-FB38-4919-B524-5EA773E50783}.Release|Any CPU.ActiveCfg = Release|Any CPU
		{3395B5A2-FB38-4919-B524-5EA773E50783}.Release|Any CPU.Build.0 = Release|Any CPU
		{1FA79FF4-BC37-4165-9851-DA34DBE980D0}.Debug|Any CPU.ActiveCfg = Debug|Any CPU
		{1FA79FF4-BC37-4165-9851-DA34DBE980D0}.Debug|Any CPU.Build.0 = Debug|Any CPU
		{1FA79FF4-BC37-4165-9851-DA34DBE980D0}.Release|Any CPU.ActiveCfg = Release|Any CPU
		{1FA79FF4-BC37-4165-9851-DA34DBE980D0}.Release|Any CPU.Build.0 = Release|Any CPU
		{BD97C850-2693-433A-A773-6B326069E968}.Debug|Any CPU.ActiveCfg = Debug|Any CPU
		{BD97C850-2693-433A-A773-6B326069E968}.Debug|Any CPU.Build.0 = Debug|Any CPU
		{BD97C850-2693-433A-A773-6B326069E968}.Release|Any CPU.ActiveCfg = Release|Any CPU
		{BD97C850-2693-433A-A773-6B326069E968}.Release|Any CPU.Build.0 = Release|Any CPU
		{068F25FC-DA8D-4BCF-8BCE-968F1F5AA322}.Debug|Any CPU.ActiveCfg = Debug|Any CPU
		{068F25FC-DA8D-4BCF-8BCE-968F1F5AA322}.Debug|Any CPU.Build.0 = Debug|Any CPU
		{068F25FC-DA8D-4BCF-8BCE-968F1F5AA322}.Release|Any CPU.ActiveCfg = Release|Any CPU
		{068F25FC-DA8D-4BCF-8BCE-968F1F5AA322}.Release|Any CPU.Build.0 = Release|Any CPU
		{B058AAA6-2292-48BB-BDA9-1935C2480BB1}.Debug|Any CPU.ActiveCfg = Debug|Any CPU
		{B058AAA6-2292-48BB-BDA9-1935C2480BB1}.Debug|Any CPU.Build.0 = Debug|Any CPU
		{B058AAA6-2292-48BB-BDA9-1935C2480BB1}.Release|Any CPU.ActiveCfg = Release|Any CPU
		{B058AAA6-2292-48BB-BDA9-1935C2480BB1}.Release|Any CPU.Build.0 = Release|Any CPU
	EndGlobalSection
	GlobalSection(SolutionProperties) = preSolution
		HideSolutionNode = FALSE
	EndGlobalSection
	GlobalSection(NestedProjects) = preSolution
		{E375E13B-9291-47F0-884A-3D84DA073A60} = {02EA681E-C7D8-13C7-8484-4AC65E1B71E8}
		{B4788F6A-EFCD-4FD8-AE4F-B61A42CFDD6F} = {02EA681E-C7D8-13C7-8484-4AC65E1B71E8}
		{05F834C3-F641-41E8-8D95-9A24548C38A2} = {02EA681E-C7D8-13C7-8484-4AC65E1B71E8}
		{1FA79FF4-BC37-4165-9851-DA34DBE980D0} = {E375E13B-9291-47F0-884A-3D84DA073A60}
		{BD97C850-2693-433A-A773-6B326069E968} = {05F834C3-F641-41E8-8D95-9A24548C38A2}
		{068F25FC-DA8D-4BCF-8BCE-968F1F5AA322} = {B4788F6A-EFCD-4FD8-AE4F-B61A42CFDD6F}
		{0AA18D71-2C6A-446A-96F8-D9335DBF32BA} = {02EA681E-C7D8-13C7-8484-4AC65E1B71E8}
		{B058AAA6-2292-48BB-BDA9-1935C2480BB1} = {0AA18D71-2C6A-446A-96F8-D9335DBF32BA}
	EndGlobalSection
	GlobalSection(ExtensibilityGlobals) = postSolution
		SolutionGuid = {330E4302-A9AA-42A8-8811-E37356B21BD2}
	EndGlobalSection
EndGlobal
